lockfileVersion: '6.0'

settings:
  autoInstallPeers: true
  excludeLinksFromLockfile: false

devDependencies:
  uglify-js:
    specifier: ^3.19.1
    version: 3.19.1

packages:

  /uglify-js@3.19.1:
    resolution: {integrity: sha512-y/2wiW+ceTYR2TSSptAhfnEtpLaQ4Ups5zrjB2d3kuVxHj16j/QJwPl5PvuGy9uARb39J0+iKxcRPvtpsx4A4A==}
    engines: {node: '>=0.8.0'}
    hasBin: true
    dev: true
